
Microsoft Visual Studio Solution File, Format Version 12.00
# Visual Studio Version 16
VisualStudioVersion = 16.0.29609.76
MinimumVisualStudioVersion = 10.0.40219.1
Project("{F184B08F-C81C-45F6-A57F-5ABD9991F28F}") = "Merlos_TeleVenta", "Merlos_TeleVenta\Merlos_TeleVenta.vbproj", "{B69EF500-9EC2-4132-8695-63F899230428}"
EndProject
Project("{F184B08F-C81C-45F6-A57F-5ABD9991F28F}") = "Merlos_TeleVenta_Processes", "Merlos_TeleVenta_Processes\Merlos_TeleVenta_Processes.vbproj", "{8320A8BA-4130-4875-A142-1B142F225ECC}"
EndProject
Project("{00D1A9C2-B5F0-4AF3-8072-F6C62B433612}") = "Merlos_TeleVentaBD", "Merlos_TeleVentaBD\Merlos_TeleVentaBD.sqlproj", "{B271A199-5B42-4E88-80FA-3BCF74F9FF67}"
EndProject
Project("{00D1A9C2-B5F0-4AF3-8072-F6C62B433612}") = "Merlos_TeleVenta_DataBD", "Merlos_TeleVenta_DataBD\Merlos_TeleVenta_DataBD.sqlproj", "{3FC7451A-4B44-4A23-8560-8F7A74CFC5E0}"
EndProject
Global
	GlobalSection(SolutionConfigurationPlatforms) = preSolution
		Debug|Any CPU = Debug|Any CPU
		Release|Any CPU = Release|Any CPU
	EndGlobalSection
	GlobalSection(ProjectConfigurationPlatforms) = postSolution
		{B69EF500-9EC2-4132-8695-63F899230428}.Debug|Any CPU.ActiveCfg = Debug|Any CPU
		{B69EF500-9EC2-4132-8695-63F899230428}.Debug|Any CPU.Build.0 = Debug|Any CPU
		{B69EF500-9EC2-4132-8695-63F899230428}.Release|Any CPU.ActiveCfg = Release|Any CPU
		{B69EF500-9EC2-4132-8695-63F899230428}.Release|Any CPU.Build.0 = Release|Any CPU
		{8320A8BA-4130-4875-A142-1B142F225ECC}.Debug|Any CPU.ActiveCfg = Debug|Any CPU
		{8320A8BA-4130-4875-A142-1B142F225ECC}.Debug|Any CPU.Build.0 = Debug|Any CPU
		{8320A8BA-4130-4875-A142-1B142F225ECC}.Release|Any CPU.ActiveCfg = Release|Any CPU
		{8320A8BA-4130-4875-A142-1B142F225ECC}.Release|Any CPU.Build.0 = Release|Any CPU
		{B271A199-5B42-4E88-80FA-3BCF74F9FF67}.Debug|Any CPU.ActiveCfg = Debug|Any CPU
		{B271A199-5B42-4E88-80FA-3BCF74F9FF67}.Debug|Any CPU.Build.0 = Debug|Any CPU
		{B271A199-5B42-4E88-80FA-3BCF74F9FF67}.Debug|Any CPU.Deploy.0 = Debug|Any CPU
		{B271A199-5B42-4E88-80FA-3BCF74F9FF67}.Release|Any CPU.ActiveCfg = Release|Any CPU
		{B271A199-5B42-4E88-80FA-3BCF74F9FF67}.Release|Any CPU.Build.0 = Release|Any CPU
		{B271A199-5B42-4E88-80FA-3BCF74F9FF67}.Release|Any CPU.Deploy.0 = Release|Any CPU
		{3FC7451A-4B44-4A23-8560-8F7A74CFC5E0}.Debug|Any CPU.ActiveCfg = Debug|Any CPU
		{3FC7451A-4B44-4A23-8560-8F7A74CFC5E0}.Debug|Any CPU.Build.0 = Debug|Any CPU
		{3FC7451A-4B44-4A23-8560-8F7A74CFC5E0}.Debug|Any CPU.Deploy.0 = Debug|Any CPU
		{3FC7451A-4B44-4A23-8560-8F7A74CFC5E0}.Release|Any CPU.ActiveCfg = Release|Any CPU
		{3FC7451A-4B44-4A23-8560-8F7A74CFC5E0}.Release|Any CPU.Build.0 = Release|Any CPU
		{3FC7451A-4B44-4A23-8560-8F7A74CFC5E0}.Release|Any CPU.Deploy.0 = Release|Any CPU
	EndGlobalSection
	GlobalSection(SolutionProperties) = preSolution
		HideSolutionNode = FALSE
	EndGlobalSection
	GlobalSection(ExtensibilityGlobals) = postSolution
		SolutionGuid = {738081C7-0505-4D53-A87D-2F42F6D5A2CC}
	EndGlobalSection
EndGlobal
